
Microsoft Visual Studio Solution File, Format Version 12.00
# Visual Studio 2013
VisualStudioVersion = 12.0.21005.1
MinimumVisualStudioVersion = 10.0.40219.1
Project("{FAE04EC0-301F-11D3-BF4B-00C04F79EFBC}") = "Vehinh", "Vehinh\Vehinh.csproj", "{DD79E376-EE88-43B3-8782-75A3680F975D}"
EndProject
Global
	GlobalSection(SolutionConfigurationPlatforms) = preSolution
		Debug|Any CPU = Debug|Any CPU
		Release|Any CPU = Release|Any CPU
	EndGlobalSection
	GlobalSection(ProjectConfigurationPlatforms) = postSolution
		{DD79E376-EE88-43B3-8782-75A3680F975D}.Debug|Any CPU.ActiveCfg = Debug|Any CPU
		{DD79E376-EE88-43B3-8782-75A3680F975D}.Debug|Any CPU.Build.0 = Debug|Any CPU
		{DD79E376-EE88-43B3-8782-75A3680F975D}.Release|Any CPU.ActiveCfg = Release|Any CPU
		{DD79E376-EE88-43B3-8782-75A3680F975D}.Release|Any CPU.Build.0 = Release|Any CPU
	EndGlobalSection
	GlobalSection(SolutionProperties) = preSolution
		HideSolutionNode = FALSE
	EndGlobalSection
EndGlobal
